Microsoft Visual Studio Solution File, Format Version 12.00
# Visual Studio Version 17
VisualStudioVersion = 17.0.31903.59
MinimumVisualStudioVersion = 10.0.40219.1
Project("{2150E333-8FDC-42A3-9474-1A3956D46DE8}") = "src", "src", "{827E0CD3-B72D-47B6-A68D-7590B98EB39B}"
EndProject
Project("{FAE04EC0-301F-11D3-BF4B-00C04F79EFBC}") = "Kypelon.Pdf.Core", "src\Kypelon.Pdf.Core\Kypelon.Pdf.Core.csproj", "{C7B1EF06-D31D-48D2-AC8A-D0D3F686DEC3}"
EndProject
Project("{FAE04EC0-301F-11D3-BF4B-00C04F79EFBC}") = "Kypelon.Pdf.Graphics", "src\Kypelon.Pdf.Graphics\Kypelon.Pdf.Graphics.csproj", "{77B137E0-23AF-4474-9110-2FDC0F2F9682}"
EndProject
Project("{FAE04EC0-301F-11D3-BF4B-00C04F79EFBC}") = "Kypelon.Pdf.Text", "src\Kypelon.Pdf.Text\Kypelon.Pdf.Text.csproj", "{A81B148E-D5FD-43A0-A182-A2D77DDFCE18}"
EndProject
Project("{FAE04EC0-301F-11D3-BF4B-00C04F79EFBC}") = "Kypelon.Pdf.Layout", "src\Kypelon.Pdf.Layout\Kypelon.Pdf.Layout.csproj", "{DED90512-39D5-4A2A-BE57-A7F25106CAFE}"
EndProject
Project("{FAE04EC0-301F-11D3-BF4B-00C04F79EFBC}") = "Kypelon.Pdf", "src\Kypelon.Pdf\Kypelon.Pdf.csproj", "{E2B4D942-2670-4EF0-85BD-794CD102ADFD}"
EndProject
Project("{FAE04EC0-301F-11D3-BF4B-00C04F79EFBC}") = "Kypelon.Pdf.AspNetCore", "src\Kypelon.Pdf.AspNetCore\Kypelon.Pdf.AspNetCore.csproj", "{D1F71A77-0653-48AF-8FEB-A5D772006D5D}"
EndProject
Project("{2150E333-8FDC-42A3-9474-1A3956D46DE8}") = "tests", "tests", "{0AB3BF05-4346-4AA6-1389-037BE0695223}"
EndProject
Project("{FAE04EC0-301F-11D3-BF4B-00C04F79EFBC}") = "Kypelon.Pdf.Tests", "tests\Kypelon.Pdf.Tests\Kypelon.Pdf.Tests.csproj", "{9D32DBD8-86A0-4D6A-904A-6232387EE393}"
EndProject
Project("{2150E333-8FDC-42A3-9474-1A3956D46DE8}") = "samples", "samples", "{5D20AA90-6969-D8BD-9DCD-8634F4692FDA}"
EndProject
Project("{FAE04EC0-301F-11D3-BF4B-00C04F79EFBC}") = "Kypelon.Pdf.Sample.Console", "samples\Kypelon.Pdf.Sample.Console\Kypelon.Pdf.Sample.Console.csproj", "{633DAAA7-8A89-4CD5-B4A6-AEBAD414BF63}"
EndProject
Project("{FAE04EC0-301F-11D3-BF4B-00C04F79EFBC}") = "Kypelon.Pdf.Sample.AspNetCore", "samples\Kypelon.Pdf.Sample.AspNetCore\Kypelon.Pdf.Sample.AspNetCore.csproj", "{E9D01679-79A8-4F44-BDF3-D6DC70F8360E}"
EndProject
Project("{2150E333-8FDC-42A3-9474-1A3956D46DE8}") = "benchmarks", "benchmarks", "{66320409-64EC-F7C5-3DEF-65E7510DAAD1}"
EndProject
Project("{FAE04EC0-301F-11D3-BF4B-00C04F79EFBC}") = "Kypelon.Pdf.Benchmarks", "benchmarks\Kypelon.Pdf.Benchmarks\Kypelon.Pdf.Benchmarks.csproj", "{D1CDBC6B-69FF-4A35-A964-6854F42BFF8D}"
EndProject
Global
	GlobalSection(SolutionConfigurationPlatforms) = preSolution
		Debug|Any CPU = Debug|Any CPU
		Debug|x64 = Debug|x64
		Debug|x86 = Debug|x86
		Release|Any CPU = Release|Any CPU
		Release|x64 = Release|x64
		Release|x86 = Release|x86
	EndGlobalSection
	GlobalSection(ProjectConfigurationPlatforms) = postSolution
		{C7B1EF06-D31D-48D2-AC8A-D0D3F686DEC3}.Debug|Any CPU.ActiveCfg = Debug|Any CPU
		{C7B1EF06-D31D-48D2-AC8A-D0D3F686DEC3}.Debug|Any CPU.Build.0 = Debug|Any CPU
		{C7B1EF06-D31D-48D2-AC8A-D0D3F686DEC3}.Debug|x64.ActiveCfg = Debug|Any CPU
		{C7B1EF06-D31D-48D2-AC8A-D0D3F686DEC3}.Debug|x64.Build.0 = Debug|Any CPU
		{C7B1EF06-D31D-48D2-AC8A-D0D3F686DEC3}.Debug|x86.ActiveCfg = Debug|Any CPU
		{C7B1EF06-D31D-48D2-AC8A-D0D3F686DEC3}.Debug|x86.Build.0 = Debug|Any CPU
		{C7B1EF06-D31D-48D2-AC8A-D0D3F686DEC3}.Release|Any CPU.ActiveCfg = Release|Any CPU
		{C7B1EF06-D31D-48D2-AC8A-D0D3F686DEC3}.Release|Any CPU.Build.0 = Release|Any CPU
		{C7B1EF06-D31D-48D2-AC8A-D0D3F686DEC3}.Release|x64.ActiveCfg = Release|Any CPU
		{C7B1EF06-D31D-48D2-AC8A-D0D3F686DEC3}.Release|x64.Build.0 = Release|Any CPU
		{C7B1EF06-D31D-48D2-AC8A-D0D3F686DEC3}.Release|x86.ActiveCfg = Release|Any CPU
		{C7B1EF06-D31D-48D2-AC8A-D0D3F686DEC3}.Release|x86.Build.0 = Release|Any CPU
		{77B137E0-23AF-4474-9110-2FDC0F2F9682}.Debug|Any CPU.ActiveCfg = Debug|Any CPU
		{77B137E0-23AF-4474-9110-2FDC0F2F9682}.Debug|Any CPU.Build.0 = Debug|Any CPU
		{77B137E0-23AF-4474-9110-2FDC0F2F9682}.Debug|x64.ActiveCfg = Debug|Any CPU
		{77B137E0-23AF-4474-9110-2FDC0F2F9682}.Debug|x64.Build.0 = Debug|Any CPU
		{77B137E0-23AF-4474-9110-2FDC0F2F9682}.Debug|x86.ActiveCfg = Debug|Any CPU
		{77B137E0-23AF-4474-9110-2FDC0F2F9682}.Debug|x86.Build.0 = Debug|Any CPU
		{77B137E0-23AF-4474-9110-2FDC0F2F9682}.Release|Any CPU.ActiveCfg = Release|Any CPU
		{77B137E0-23AF-4474-9110-2FDC0F2F9682}.Release|Any CPU.Build.0 = Release|Any CPU
		{77B137E0-23AF-4474-9110-2FDC0F2F9682}.Release|x64.ActiveCfg = Release|Any CPU
		{77B137E0-23AF-4474-9110-2FDC0F2F9682}.Release|x64.Build.0 = Release|Any CPU
		{77B137E0-23AF-4474-9110-2FDC0F2F9682}.Release|x86.ActiveCfg = Release|Any CPU
		{77B137E0-23AF-4474-9110-2FDC0F2F9682}.Release|x86.Build.0 = Release|Any CPU
		{A81B148E-D5FD-43A0-A182-A2D77DDFCE18}.Debug|Any CPU.ActiveCfg = Debug|Any CPU
		{A81B148E-D5FD-43A0-A182-A2D77DDFCE18}.Debug|Any CPU.Build.0 = Debug|Any CPU
		{A81B148E-D5FD-43A0-A182-A2D77DDFCE18}.Debug|x64.ActiveCfg = Debug|Any CPU
		{A81B148E-D5FD-43A0-A182-A2D77DDFCE18}.Debug|x64.Build.0 = Debug|Any CPU
		{A81B148E-D5FD-43A0-A182-A2D77DDFCE18}.Debug|x86.ActiveCfg = Debug|Any CPU
		{A81B148E-D5FD-43A0-A182-A2D77DDFCE18}.Debug|x86.Build.0 = Debug|Any CPU
		{A81B148E-D5FD-43A0-A182-A2D77DDFCE18}.Release|Any CPU.ActiveCfg = Release|Any CPU
		{A81B148E-D5FD-43A0-A182-A2D77DDFCE18}.Release|Any CPU.Build.0 = Release|Any CPU
		{A81B148E-D5FD-43A0-A182-A2D77DDFCE18}.Release|x64.ActiveCfg = Release|Any CPU
		{A81B148E-D5FD-43A0-A182-A2D77DDFCE18}.Release|x64.Build.0 = Release|Any CPU
		{A81B148E-D5FD-43A0-A182-A2D77DDFCE18}.Release|x86.ActiveCfg = Release|Any CPU
		{A81B148E-D5FD-43A0-A182-A2D77DDFCE18}.Release|x86.Build.0 = Release|Any CPU
		{DED90512-39D5-4A2A-BE57-A7F25106CAFE}.Debug|Any CPU.ActiveCfg = Debug|Any CPU
		{DED90512-39D5-4A2A-BE57-A7F25106CAFE}.Debug|Any CPU.Build.0 = Debug|Any CPU
		{DED90512-39D5-4A2A-BE57-A7F25106CAFE}.Debug|x64.ActiveCfg = Debug|Any CPU
		{DED90512-39D5-4A2A-BE57-A7F25106CAFE}.Debug|x64.Build.0 = Debug|Any CPU
		{DED90512-39D5-4A2A-BE57-A7F25106CAFE}.Debug|x86.ActiveCfg = Debug|Any CPU
		{DED90512-39D5-4A2A-BE57-A7F25106CAFE}.Debug|x86.Build.0 = Debug|Any CPU
		{DED90512-39D5-4A2A-BE57-A7F25106CAFE}.Release|Any CPU.ActiveCfg = Release|Any CPU
		{DED90512-39D5-4A2A-BE57-A7F25106CAFE}.Release|Any CPU.Build.0 = Release|Any CPU
		{DED90512-39D5-4A2A-BE57-A7F25106CAFE}.Release|x64.ActiveCfg = Release|Any CPU
		{DED90512-39D5-4A2A-BE57-A7F25106CAFE}.Release|x64.Build.0 = Release|Any CPU
		{DED90512-39D5-4A2A-BE57-A7F25106CAFE}.Release|x86.ActiveCfg = Release|Any CPU
		{DED90512-39D5-4A2A-BE57-A7F25106CAFE}.Release|x86.Build.0 = Release|Any CPU
		{E2B4D942-2670-4EF0-85BD-794CD102ADFD}.Debug|Any CPU.ActiveCfg = Debug|Any CPU
		{E2B4D942-2670-4EF0-85BD-794CD102ADFD}.Debug|Any CPU.Build.0 = Debug|Any CPU
		{E2B4D942-2670-4EF0-85BD-794CD102ADFD}.Debug|x64.ActiveCfg = Debug|Any CPU
		{E2B4D942-2670-4EF0-85BD-794CD102ADFD}.Debug|x64.Build.0 = Debug|Any CPU
		{E2B4D942-2670-4EF0-85BD-794CD102ADFD}.Debug|x86.ActiveCfg = Debug|Any CPU
		{E2B4D942-2670-4EF0-85BD-794CD102ADFD}.Debug|x86.Build.0 = Debug|Any CPU
		{E2B4D942-2670-4EF0-85BD-794CD102ADFD}.Release|Any CPU.ActiveCfg = Release|Any CPU
		{E2B4D942-2670-4EF0-85BD-794CD102ADFD}.Release|Any CPU.Build.0 = Release|Any CPU
		{E2B4D942-2670-4EF0-85BD-794CD102ADFD}.Release|x64.ActiveCfg = Release|Any CPU
		{E2B4D942-2670-4EF0-85BD-794CD102ADFD}.Release|x64.Build.0 = Release|Any CPU
		{E2B4D942-2670-4EF0-85BD-794CD102ADFD}.Release|x86.ActiveCfg = Release|Any CPU
		{E2B4D942-2670-4EF0-85BD-794CD102ADFD}.Release|x86.Build.0 = Release|Any CPU
		{D1F71A77-0653-48AF-8FEB-A5D772006D5D}.Debug|Any CPU.ActiveCfg = Debug|Any CPU
		{D1F71A77-0653-48AF-8FEB-A5D772006D5D}.Debug|Any CPU.Build.0 = Debug|Any CPU
		{D1F71A77-0653-48AF-8FEB-A5D772006D5D}.Debug|x64.ActiveCfg = Debug|Any CPU
		{D1F71A77-0653-48AF-8FEB-A5D772006D5D}.Debug|x64.Build.0 = Debug|Any CPU
		{D1F71A77-0653-48AF-8FEB-A5D772006D5D}.Debug|x86.ActiveCfg = Debug|Any CPU
		{D1F71A77-0653-48AF-8FEB-A5D772006D5D}.Debug|x86.Build.0 = Debug|Any CPU
		{D1F71A77-0653-48AF-8FEB-A5D772006D5D}.Release|Any CPU.ActiveCfg = Release|Any CPU
		{D1F71A77-0653-48AF-8FEB-A5D772006D5D}.Release|Any CPU.Build.0 = Release|Any CPU
		{D1F71A77-0653-48AF-8FEB-A5D772006D5D}.Release|x64.ActiveCfg = Release|Any CPU
		{D1F71A77-0653-48AF-8FEB-A5D772006D5D}.Release|x64.Build.0 = Release|Any CPU
		{D1F71A77-0653-48AF-8FEB-A5D772006D5D}.Release|x86.ActiveCfg = Release|Any CPU
		{D1F71A77-0653-48AF-8FEB-A5D772006D5D}.Release|x86.Build.0 = Release|Any CPU
		{9D32DBD8-86A0-4D6A-904A-6232387EE393}.Debug|Any CPU.ActiveCfg = Debug|Any CPU
		{9D32DBD8-86A0-4D6A-904A-6232387EE393}.Debug|Any CPU.Build.0 = Debug|Any CPU
		{9D32DBD8-86A0-4D6A-904A-6232387EE393}.Debug|x64.ActiveCfg = Debug|Any CPU
		{9D32DBD8-86A0-4D6A-904A-6232387EE393}.Debug|x64.Build.0 = Debug|Any CPU
		{9D32DBD8-86A0-4D6A-904A-6232387EE393}.Debug|x86.ActiveCfg = Debug|Any CPU
		{9D32DBD8-86A0-4D6A-904A-6232387EE393}.Debug|x86.Build.0 = Debug|Any CPU
		{9D32DBD8-86A0-4D6A-904A-6232387EE393}.Release|Any CPU.ActiveCfg = Release|Any CPU
		{9D32DBD8-86A0-4D6A-904A-6232387EE393}.Release|Any CPU.Build.0 = Release|Any CPU
		{9D32DBD8-86A0-4D6A-904A-6232387EE393}.Release|x64.ActiveCfg = Release|Any CPU
		{9D32DBD8-86A0-4D6A-904A-6232387EE393}.Release|x64.Build.0 = Release|Any CPU
		{9D32DBD8-86A0-4D6A-904A-6232387EE393}.Release|x86.ActiveCfg = Release|Any CPU
		{9D32DBD8-86A0-4D6A-904A-6232387EE393}.Release|x86.Build.0 = Release|Any CPU
		{633DAAA7-8A89-4CD5-B4A6-AEBAD414BF63}.Debug|Any CPU.ActiveCfg = Debug|Any CPU
		{633DAAA7-8A89-4CD5-B4A6-AEBAD414BF63}.Debug|Any CPU.Build.0 = Debug|Any CPU
		{633DAAA7-8A89-4CD5-B4A6-AEBAD414BF63}.Debug|x64.ActiveCfg = Debug|Any CPU
		{633DAAA7-8A89-4CD5-B4A6-AEBAD414BF63}.Debug|x64.Build.0 = Debug|Any CPU
		{633DAAA7-8A89-4CD5-B4A6-AEBAD414BF63}.Debug|x86.ActiveCfg = Debug|Any CPU
		{633DAAA7-8A89-4CD5-B4A6-AEBAD414BF63}.Debug|x86.Build.0 = Debug|Any CPU
		{633DAAA7-8A89-4CD5-B4A6-AEBAD414BF63}.Release|Any CPU.ActiveCfg = Release|Any CPU
		{633DAAA7-8A89-4CD5-B4A6-AEBAD414BF63}.Release|Any CPU.Build.0 = Release|Any CPU
		{633DAAA7-8A89-4CD5-B4A6-AEBAD414BF63}.Release|x64.ActiveCfg = Release|Any CPU
		{633DAAA7-8A89-4CD5-B4A6-AEBAD414BF63}.Release|x64.Build.0 = Release|Any CPU
		{633DAAA7-8A89-4CD5-B4A6-AEBAD414BF63}.Release|x86.ActiveCfg = Release|Any CPU
		{633DAAA7-8A89-4CD5-B4A6-AEBAD414BF63}.Release|x86.Build.0 = Release|Any CPU
		{E9D01679-79A8-4F44-BDF3-D6DC70F8360E}.Debug|Any CPU.ActiveCfg = Debug|Any CPU
		{E9D01679-79A8-4F44-BDF3-D6DC70F8360E}.Debug|Any CPU.Build.0 = Debug|Any CPU
		{E9D01679-79A8-4F44-BDF3-D6DC70F8360E}.Debug|x64.ActiveCfg = Debug|Any CPU
		{E9D01679-79A8-4F44-BDF3-D6DC70F8360E}.Debug|x64.Build.0 = Debug|Any CPU
		{E9D01679-79A8-4F44-BDF3-D6DC70F8360E}.Debug|x86.ActiveCfg = Debug|Any CPU
		{E9D01679-79A8-4F44-BDF3-D6DC70F8360E}.Debug|x86.Build.0 = Debug|Any CPU
		{E9D01679-79A8-4F44-BDF3-D6DC70F8360E}.Release|Any CPU.ActiveCfg = Release|Any CPU
		{E9D01679-79A8-4F44-BDF3-D6DC70F8360E}.Release|Any CPU.Build.0 = Release|Any CPU
		{E9D01679-79A8-4F44-BDF3-D6DC70F8360E}.Release|x64.ActiveCfg = Release|Any CPU
		{E9D01679-79A8-4F44-BDF3-D6DC70F8360E}.Release|x64.Build.0 = Release|Any CPU
		{E9D01679-79A8-4F44-BDF3-D6DC70F8360E}.Release|x86.ActiveCfg = Release|Any CPU
		{E9D01679-79A8-4F44-BDF3-D6DC70F8360E}.Release|x86.Build.0 = Release|Any CPU
		{D1CDBC6B-69FF-4A35-A964-6854F42BFF8D}.Debug|Any CPU.ActiveCfg = Debug|Any CPU
		{D1CDBC6B-69FF-4A35-A964-6854F42BFF8D}.Debug|Any CPU.Build.0 = Debug|Any CPU
		{D1CDBC6B-69FF-4A35-A964-6854F42BFF8D}.Debug|x64.ActiveCfg = Debug|Any CPU
		{D1CDBC6B-69FF-4A35-A964-6854F42BFF8D}.Debug|x64.Build.0 = Debug|Any CPU
		{D1CDBC6B-69FF-4A35-A964-6854F42BFF8D}.Debug|x86.ActiveCfg = Debug|Any CPU
		{D1CDBC6B-69FF-4A35-A964-6854F42BFF8D}.Debug|x86.Build.0 = Debug|Any CPU
		{D1CDBC6B-69FF-4A35-A964-6854F42BFF8D}.Release|Any CPU.ActiveCfg = Release|Any CPU
		{D1CDBC6B-69FF-4A35-A964-6854F42BFF8D}.Release|Any CPU.Build.0 = Release|Any CPU
		{D1CDBC6B-69FF-4A35-A964-6854F42BFF8D}.Release|x64.ActiveCfg = Release|Any CPU
		{D1CDBC6B-69FF-4A35-A964-6854F42BFF8D}.Release|x64.Build.0 = Release|Any CPU
		{D1CDBC6B-69FF-4A35-A964-6854F42BFF8D}.Release|x86.ActiveCfg = Release|Any CPU
		{D1CDBC6B-69FF-4A35-A964-6854F42BFF8D}.Release|x86.Build.0 = Release|Any CPU
	EndGlobalSection
	GlobalSection(SolutionProperties) = preSolution
		HideSolutionNode = FALSE
	EndGlobalSection
	GlobalSection(NestedProjects) = preSolution
		{C7B1EF06-D31D-48D2-AC8A-D0D3F686DEC3} = {827E0CD3-B72D-47B6-A68D-7590B98EB39B}
		{77B137E0-23AF-4474-9110-2FDC0F2F9682} = {827E0CD3-B72D-47B6-A68D-7590B98EB39B}
		{A81B148E-D5FD-43A0-A182-A2D77DDFCE18} = {827E0CD3-B72D-47B6-A68D-7590B98EB39B}
		{DED90512-39D5-4A2A-BE57-A7F25106CAFE} = {827E0CD3-B72D-47B6-A68D-7590B98EB39B}
		{E2B4D942-2670-4EF0-85BD-794CD102ADFD} = {827E0CD3-B72D-47B6-A68D-7590B98EB39B}
		{D1F71A77-0653-48AF-8FEB-A5D772006D5D} = {827E0CD3-B72D-47B6-A68D-7590B98EB39B}
		{9D32DBD8-86A0-4D6A-904A-6232387EE393} = {0AB3BF05-4346-4AA6-1389-037BE0695223}
		{633DAAA7-8A89-4CD5-B4A6-AEBAD414BF63} = {5D20AA90-6969-D8BD-9DCD-8634F4692FDA}
		{E9D01679-79A8-4F44-BDF3-D6DC70F8360E} = {5D20AA90-6969-D8BD-9DCD-8634F4692FDA}
		{D1CDBC6B-69FF-4A35-A964-6854F42BFF8D} = {66320409-64EC-F7C5-3DEF-65E7510DAAD1}
	EndGlobalSection
EndGlobal
